# THIS IS AN AUTOGENERATED FILE. DO NOT EDIT THIS FILE DIRECTLY.
# yarn lockfile v1


"@dk1a/solidity-stringutils@^0.3.0":
  version "0.3.0"
  resolved "https://registry.yarnpkg.com/@dk1a/solidity-stringutils/-/solidity-stringutils-0.3.0.tgz#f668bb701dee4139ab25be21da179e497e4751f4"
  integrity sha512-KipMwXEBMK3ajFDJe44uxEnOzSHlvpWUUwUmQIRoPO0EPkOxjYCd/PXHADCoO4+sN0KBIY9thD7mc2iNgkKWfQ==

"forge-std@https://github.com/foundry-rs/forge-std.git#cd7d533f9a0ee0ec02ad81e0a8f262bc4203c653":
  version "1.1.1"
  resolved "https://github.com/foundry-rs/forge-std.git#cd7d533f9a0ee0ec02ad81e0a8f262bc4203c653"

"solidity-stringutils@https://github.com/Arachnid/solidity-stringutils.git":
  version "0.0.0"
  resolved "https://github.com/Arachnid/solidity-stringutils.git#46983c6d9462a80229cf0d5bab8ea3b3ee31066c"
